
Microsoft Visual Studio Solution File, Format Version 9.00
# Visual C# Express 2005
Project("{FAE04EC0-301F-11D3-BF4B-00C04F79EFBC}") = "computer_didattica", "computer_didattica\computer_didattica.csproj", "{07EA1400-A005-4769-B5AD-A7C4A0E2285A}"
EndProject
Global
	GlobalSection(SolutionConfigurationPlatforms) = preSolution
		Debug|Any CPU = Debug|Any CPU
		Release|Any CPU = Release|Any CPU
	EndGlobalSection
	GlobalSection(ProjectConfigurationPlatforms) = postSolution
		{07EA1400-A005-4769-B5AD-A7C4A0E2285A}.Debug|Any CPU.ActiveCfg = Debug|Any CPU
		{07EA1400-A005-4769-B5AD-A7C4A0E2285A}.Debug|Any CPU.Build.0 = Debug|Any CPU
		{07EA1400-A005-4769-B5AD-A7C4A0E2285A}.Release|Any CPU.ActiveCfg = Release|Any CPU
		{07EA1400-A005-4769-B5AD-A7C4A0E2285A}.Release|Any CPU.Build.0 = Release|Any CPU
	EndGlobalSection
	GlobalSection(SolutionProperties) = preSolution
		HideSolutionNode = FALSE
	EndGlobalSection
EndGlobal
